// !$*UTF8*$!
{
	archiveVersion = 1;
	classes = {
	};
	objectVersion = 46;
	objects = {

/* Begin PBXBuildFile section */
		C4032A031C274CA800BAA104 /* main.swift in Sources */ = {isa = PBXBuildFile; fileRef = C4032A021C274CA800BAA104 /* main.swift */; };
		C4032A0B1C274D1500BAA104 /* md5.swift in Sources */ = {isa = PBXBuildFile; fileRef = C4032A0A1C274D1500BAA104 /* md5.swift */; };
/* End PBXBuildFile section */

/* Begin PBXCopyFilesBuildPhase section */
		C40329FD1C274CA800BAA104 /* CopyFiles */ = {
			isa = PBXCopyFilesBuildPhase;
			buildActionMask = 2147483647;
			dstPath = /usr/share/man/man1/;
			dstSubfolderSpec = 0;
			files = (
			);
			runOnlyForDeploymentPostprocessing = 1;
		};
/* End PBXCopyFilesBuildPhase section */

/* Begin PBXFileReference section */
		C40329FF1C274CA800BAA104 /* day4 */ = {isa = PBXFileReference; explicitFileType = "compiled.mach-o.executable"; includeInIndex = 0; path = day4; sourceTree = BUILT_PRODUCTS_DIR; };
		C4032A021C274CA800BAA104 /* main.swift */ = {isa = PBXFileReference; lastKnownFileType = sourcecode.swift; path = main.swift; sourceTree = "<group>"; };
		C4032A091C274CE500BAA104 /* day4-Bridging-Header.h */ = {isa = PBXFileReference; lastKnownFileType = sourcecode.c.h; path = "day4-Bridging-Header.h"; sourceTree = "<group>"; };
		C4032A0A1C274D1500BAA104 /* md5.swift */ = {isa = PBXFileReference; fileEncoding = 4; lastKnownFileType = sourcecode.swift; path = md5.swift; sourceTree = "<group>"; };
/* End PBXFileReference section */

/* Begin PBXFrameworksBuildPhase section */
		C40329FC1C274CA800BAA104 /* Frameworks */ = {
			isa = PBXFrameworksBuildPhase;
			buildActionMask = 2147483647;
			files = (
			);
			runOnlyForDeploymentPostprocessing = 0;
		};
/* End PBXFrameworksBuildPhase section */

/* Begin PBXGroup section */
		C40329F61C274CA800BAA104 = {
			isa = PBXGroup;
			children = (
				C4032A011C274CA800BAA104 /* day4 */,
				C4032A001C274CA800BAA104 /* Products */,
			);
			sourceTree = "<group>";
		};
		C4032A001C274CA800BAA104 /* Products */ = {
			isa = PBXGroup;
			children = (
				C40329FF1C274CA800BAA104 /* day4 */,
			);
			name = Products;
			sourceTree = "<group>";
		};
		C4032A011C274CA800BAA104 /* day4 */ = {
			isa = PBXGroup;
			children = (
				C4032A021C274CA800BAA104 /* main.swift */,
				C4032A0A1C274D1500BAA104 /* md5.swift */,
				C4032A091C274CE500BAA104 /* day4-Bridging-Header.h */,
			);
			path = day4;
			sourceTree = "<group>";
		};
/* End PBXGroup section */

/* Begin PBXNativeTarget section */
		C40329FE1C274CA800BAA104 /* day4 */ = {
			isa = PBXNativeTarget;
			buildConfigurationList = C4032A061C274CA800BAA104 /* Build configuration list for PBXNativeTarget "day4" */;
			buildPhases = (
				C40329FB1C274CA800BAA104 /* Sources */,
				C40329FC1C274CA800BAA104 /* Frameworks */,
				C40329FD1C274CA800BAA104 /* CopyFiles */,
			);
			buildRules = (
			);
			dependencies = (
			);
			name = day4;
			productName = day4;
			productReference = C40329FF1C274CA800BAA104 /* day4 */;
			productType = "com.apple.product-type.tool";
		};
/* End PBXNativeTarget section */

/* Begin PBXProject section */
		C40329F71C274CA800BAA104 /* Project object */ = {
			isa = PBXProject;
			attributes = {
				LastSwiftUpdateCheck = 0720;
				LastUpgradeCheck = 0720;
				ORGANIZATIONNAME = "Wandle Software Limited";
				TargetAttributes = {
					C40329FE1C274CA800BAA104 = {
						CreatedOnToolsVersion = 7.2;
					};
				};
			};
			buildConfigurationList = C40329FA1C274CA800BAA104 /* Build configuration list for PBXProject "day4" */;
			compatibilityVersion = "Xcode 3.2";
			developmentRegion = English;
			hasScannedForEncodings = 0;
			knownRegions = (
				en,
			);
			mainGroup = C40329F61C274CA800BAA104;
			productRefGroup = C4032A001C274CA800BAA104 /* Products */;
			projectDirPath = "";
			projectRoot = "";
			targets = (
				C40329FE1C274CA800BAA104 /* day4 */,
			);
		};
/* End PBXProject section */

/* Begin PBXSourcesBuildPhase section */
		C40329FB1C274CA800BAA104 /* Sources */ = {
			isa = PBXSourcesBuildPhase;
			buildActionMask = 2147483647;
			files = (
				C4032A0B1C274D1500BAA104 /* md5.swift in Sources */,
				C4032A031C274CA800BAA104 /* main.swift in Sources */,
			);
			runOnlyForDeploymentPostprocessing = 0;
		};
/* End PBXSourcesBuildPhase section */

/* Begin XCBuildConfiguration section */
		C4032A041C274CA800BAA104 /* Debug */ = {
			isa = XCBuildConfiguration;
			buildSettings = {
				ALWAYS_SEARCH_USER_PATHS = NO;
				CLANG_CXX_LANGUAGE_STANDARD = "gnu++0x";
				CLANG_CXX_LIBRARY = "libc++";
				CLANG_ENABLE_MODULES = YES;
				CLANG_ENABLE_OBJC_ARC = YES;
				CLANG_WARN_BOOL_CONVERSION = YES;
				CLANG_WARN_CONSTANT_CONVERSION = YES;
				CLANG_WARN_DIRECT_OBJC_ISA_USAGE = YES_ERROR;
				CLANG_WARN_EMPTY_BODY = YES;
				CLANG_WARN_ENUM_CONVERSION = YES;
				CLANG_WARN_INT_CONVERSION = YES;
				CLANG_WARN_OBJC_ROOT_CLASS = YES_ERROR;
				CLANG_WARN_UNREACHABLE_CODE = YES;
				CLANG_WARN__DUPLICATE_METHOD_MATCH = YES;
				CODE_SIGN_IDENTITY = "-";
				COPY_PHASE_STRIP = NO;
				DEBUG_INFORMATION_FORMAT = dwarf;
				ENABLE_STRICT_OBJC_MSGSEND = YES;
				ENABLE_TESTABILITY = YES;
				GCC_C_LANGUAGE_STANDARD = gnu99;
				GCC_DYNAMIC_NO_PIC = NO;
				GCC_NO_COMMON_BLOCKS = YES;
				GCC_OPTIMIZATION_LEVEL = 0;
				GCC_PREPROCESSOR_DEFINITIONS = (
					"DEBUG=1",
					"$(inherited)",
				);
				GCC_WARN_64_TO_32_BIT_CONVERSION = YES;
				GCC_WARN_ABOUT_RETURN_TYPE = YES_ERROR;
				GCC_WARN_UNDECLARED_SELECTOR = YES;
				GCC_WARN_UNINITIALIZED_AUTOS = YES_AGGRESSIVE;
				GCC_WARN_UNUSED_FUNCTION = YES;
				GCC_WARN_UNUSED_VARIABLE = YES;
				MACOSX_DEPLOYMENT_TARGET = 10.11;
				MTL_ENABLE_DEBUG_INFO = YES;
				ONLY_ACTIVE_ARCH = YES;
				SDKROOT = macosx;
				SWIFT_OPTIMIZATION_LEVEL = "-Onone";
			};
			name = Debug;
		};
		C4032A051C274CA800BAA104 /* Release */ = {
			isa = XCBuildConfiguration;
			buildSettings = {
				ALWAYS_SEARCH_USER_PATHS = NO;
				CLANG_CXX_LANGUAGE_STANDARD = "gnu++0x";
				CLANG_CXX_LIBRARY = "libc++";
				CLANG_ENABLE_MODULES = YES;
				CLANG_ENABLE_OBJC_ARC = YES;
				CLANG_WARN_BOOL_CONVERSION = YES;
				CLANG_WARN_CONSTANT_CONVERSION = YES;
				CLANG_WARN_DIRECT_OBJC_ISA_USAGE = YES_ERROR;
				CLANG_WARN_EMPTY_BODY = YES;
				CLANG_WARN_ENUM_CONVERSION = YES;
				CLANG_WARN_INT_CONVERSION = YES;
				CLANG_WARN_OBJC_ROOT_CLASS = YES_ERROR;
				CLANG_WARN_UNREACHABLE_CODE = YES;
				CLANG_WARN__DUPLICATE_METHOD_MATCH = YES;
				CODE_SIGN_IDENTITY = "-";
				COPY_PHASE_STRIP = NO;
				DEBUG_INFORMATION_FORMAT = "dwarf-with-dsym";
				ENABLE_NS_ASSERTIONS = NO;
				ENABLE_STRICT_OBJC_MSGSEND = YES;
				GCC_C_LANGUAGE_STANDARD = gnu99;
				GCC_NO_COMMON_BLOCKS = YES;
				GCC_WARN_64_TO_32_BIT_CONVERSION = YES;
				GCC_WARN_ABOUT_RETURN_TYPE = YES_ERROR;
				GCC_WARN_UNDECLARED_SELECTOR = YES;
				GCC_WARN_UNINITIALIZED_AUTOS = YES_AGGRESSIVE;
				GCC_WARN_UNUSED_FUNCTION = YES;
				GCC_WARN_UNUSED_VARIABLE = YES;
				MACOSX_DEPLOYMENT_TARGET = 10.11;
				MTL_ENABLE_DEBUG_INFO = NO;
				SDKROOT = macosx;
			};
			name = Release;
		};
		C4032A071C274CA800BAA104 /* Debug */ = {
			isa = XCBuildConfiguration;
			buildSettings = {
				PRODUCT_NAME = "$(TARGET_NAME)";
				SWIFT_OBJC_BRIDGING_HEADER = "day4/day4-Bridging-Header.h";
			};
			name = Debug;
		};
		C4032A081C274CA800BAA104 /* Release */ = {
			isa = XCBuildConfiguration;
			buildSettings = {
				PRODUCT_NAME = "$(TARGET_NAME)";
				SWIFT_OBJC_BRIDGING_HEADER = "day4/day4-Bridging-Header.h";
			};
			name = Release;
		};
/* End XCBuildConfiguration section */

/* Begin XCConfigurationList section */
		C40329FA1C274CA800BAA104 /* Build configuration list for PBXProject "day4" */ = {
			isa = XCConfigurationList;
			buildConfigurations = (
				C4032A041C274CA800BAA104 /* Debug */,
				C4032A051C274CA800BAA104 /* Release */,
			);
			defaultConfigurationIsVisible = 0;
			defaultConfigurationName = Release;
		};
		C4032A061C274CA800BAA104 /* Build configuration list for PBXNativeTarget "day4" */ = {
			isa = XCConfigurationList;
			buildConfigurations = (
				C4032A071C274CA800BAA104 /* Debug */,
				C4032A081C274CA800BAA104 /* Release */,
			);
			defaultConfigurationIsVisible = 0;
		};
/* End XCConfigurationList section */
	};
	rootObject = C40329F71C274CA800BAA104 /* Project object */;
}
